<?xml version="1.0" encoding="UTF-8" standalone="yes" ?>
<CodeBlocks_project_file>
	<FileVersion major="1" minor="6" />
	<Project>
		<Option title="GameWithRaylib" />
		<Option pch_mode="2" />
		<Option compiler="gcc" />
		<Build>
			<Target title="Debug">
				<Option output="bin/Debug/GameWithRaylib" prefix_auto="1" extension_auto="1" />
				<Option object_output="obj/Debug/" />
				<Option type="0" />
				<Option compiler="gcc" />
				<Compiler>
					<Add option="-g" />
				</Compiler>
			</Target>
			<Target title="Release">
				<Option output="bin/Release/GameWithRaylib" prefix_auto="1" extension_auto="1" />
				<Option object_output="obj/Release/" />
				<Option type="0" />
				<Option compiler="gcc" />
				<Compiler>
					<Add option="-O2" />
				</Compiler>
				<Linker>
					<Add option="-s" />
				</Linker>
			</Target>
		</Build>
		<Compiler>
			<Add option="-Wall" />
		</Compiler>
		<Unit filename="src/Animations.cpp">
			<Option target="Release" />
		</Unit>
		<Unit filename="src/Enemy.cpp">
			<Option target="Release" />
		</Unit>
		<Unit filename="src/Enemy.h">
			<Option target="Release" />
		</Unit>
		<Unit filename="src/Librerias_Y_Variables.h">
			<Option target="Release" />
		</Unit>
		<Unit filename="src/Player.cpp">
			<Option target="Release" />
		</Unit>
		<Unit filename="src/Player.h">
			<Option target="Release" />
		</Unit>
		<Unit filename="src/Shop.cpp">
			<Option target="Release" />
		</Unit>
		<Unit filename="src/Shop.h">
			<Option target="Release" />
		</Unit>
		<Unit filename="src/SpritesAndMap.cpp">
			<Option target="Release" />
		</Unit>
		<Unit filename="src/SpritesAndMap.h">
			<Option target="Release" />
		</Unit>
		<Unit filename="src/main.cpp" />
		<Extensions>
			<lib_finder disable_auto="1" />
		</Extensions>
	</Project>
</CodeBlocks_project_file>
